
Microsoft Visual Studio Solution File, Format Version 12.00
# Visual Studio Version 17
VisualStudioVersion = 17.6.33829.357
MinimumVisualStudioVersion = 10.0.40219.1
Project("{9A19103F-16F7-4668-BE54-9A1E7A4F7556}") = "NaoSmiley", "NaoSmiley\NaoSmiley.csproj", "{6C3C2BE9-6123-4D3D-B00C-FEB50E64684C}"
EndProject
Project("{2150E333-8FDC-42A3-9474-1A3956D46DE8}") = "Solution Items", "Solution Items", "{4AA2C667-414A-4108-8CE5-9B823B6CAAD8}"
EndProject
Project("{9A19103F-16F7-4668-BE54-9A1E7A4F7556}") = "PAK.Stream.Emulator.Interfaces", "Interfaces\FileEmulationFramework\Emulator\Interfaces\PAK.Stream.Emulator.Interfaces\PAK.Stream.Emulator.Interfaces.csproj", "{1C5A88BF-4492-40E1-A639-9675D8C75FD7}"
EndProject
Project("{9A19103F-16F7-4668-BE54-9A1E7A4F7556}") = "CriFs.V2.Hook.Interfaces", "Interfaces\CriFs.V2.Hook.ReloadedII\Interfaces\CriFs.V2.Hook.Interfaces\CriFs.V2.Hook.Interfaces.csproj", "{3FD83D1F-3089-44D3-B6A6-4B63800D89C7}"
EndProject
Project("{9A19103F-16F7-4668-BE54-9A1E7A4F7556}") = "BGME.Framework.Interfaces", "Interfaces\BGME\BGME.Framework.Interfaces\BGME.Framework.Interfaces.csproj", "{3A714CD7-B133-49B1-8324-9ECA9BED5AB5}"
EndProject
Project("{9A19103F-16F7-4668-BE54-9A1E7A4F7556}") = "BF.File.Emulator.Interfaces", "Interfaces\FileEmulationFramework\Emulator\Interfaces\BF.File.Emulator.Interfaces\BF.File.Emulator.Interfaces.csproj", "{AC49B1F2-37EB-4676-9D7C-F3D610BB44F6}"
EndProject
Global
	GlobalSection(SolutionConfigurationPlatforms) = preSolution
		Debug|Any CPU = Debug|Any CPU
		Release|Any CPU = Release|Any CPU
	EndGlobalSection
	GlobalSection(ProjectConfigurationPlatforms) = postSolution
		{6C3C2BE9-6123-4D3D-B00C-FEB50E64684C}.Debug|Any CPU.ActiveCfg = Debug|Any CPU
		{6C3C2BE9-6123-4D3D-B00C-FEB50E64684C}.Debug|Any CPU.Build.0 = Debug|Any CPU
		{6C3C2BE9-6123-4D3D-B00C-FEB50E64684C}.Release|Any CPU.ActiveCfg = Release|Any CPU
		{6C3C2BE9-6123-4D3D-B00C-FEB50E64684C}.Release|Any CPU.Build.0 = Release|Any CPU
		{1C5A88BF-4492-40E1-A639-9675D8C75FD7}.Debug|Any CPU.ActiveCfg = Debug|Any CPU
		{1C5A88BF-4492-40E1-A639-9675D8C75FD7}.Debug|Any CPU.Build.0 = Debug|Any CPU
		{1C5A88BF-4492-40E1-A639-9675D8C75FD7}.Release|Any CPU.ActiveCfg = Release|Any CPU
		{1C5A88BF-4492-40E1-A639-9675D8C75FD7}.Release|Any CPU.Build.0 = Release|Any CPU
		{3FD83D1F-3089-44D3-B6A6-4B63800D89C7}.Debug|Any CPU.ActiveCfg = Debug|Any CPU
		{3FD83D1F-3089-44D3-B6A6-4B63800D89C7}.Debug|Any CPU.Build.0 = Debug|Any CPU
		{3FD83D1F-3089-44D3-B6A6-4B63800D89C7}.Release|Any CPU.ActiveCfg = Release|Any CPU
		{3FD83D1F-3089-44D3-B6A6-4B63800D89C7}.Release|Any CPU.Build.0 = Release|Any CPU
		{3A714CD7-B133-49B1-8324-9ECA9BED5AB5}.Debug|Any CPU.ActiveCfg = Debug|Any CPU
		{3A714CD7-B133-49B1-8324-9ECA9BED5AB5}.Debug|Any CPU.Build.0 = Debug|Any CPU
		{3A714CD7-B133-49B1-8324-9ECA9BED5AB5}.Release|Any CPU.ActiveCfg = Release|Any CPU
		{3A714CD7-B133-49B1-8324-9ECA9BED5AB5}.Release|Any CPU.Build.0 = Release|Any CPU
		{AC49B1F2-37EB-4676-9D7C-F3D610BB44F6}.Debug|Any CPU.ActiveCfg = Debug|Any CPU
		{AC49B1F2-37EB-4676-9D7C-F3D610BB44F6}.Debug|Any CPU.Build.0 = Debug|Any CPU
		{AC49B1F2-37EB-4676-9D7C-F3D610BB44F6}.Release|Any CPU.ActiveCfg = Release|Any CPU
		{AC49B1F2-37EB-4676-9D7C-F3D610BB44F6}.Release|Any CPU.Build.0 = Release|Any CPU
	EndGlobalSection
	GlobalSection(SolutionProperties) = preSolution
		HideSolutionNode = FALSE
	EndGlobalSection
	GlobalSection(ExtensibilityGlobals) = postSolution
		SolutionGuid = {9E71BCA7-32F2-4879-A1AD-B1BA85FB7F85}
	EndGlobalSection
EndGlobal
